
Microsoft Visual Studio Solution File, Format Version 12.00
# Visual Studio 15
Project("{FAE04EC0-301F-11D3-BF4B-00C04F79EFBC}") = "UnityEngine.TestRunner", "UnityEngine.TestRunner.csproj", "{330D066B-34BE-8128-FF66-6C169B14A683}"
EndProject
Project("{FAE04EC0-301F-11D3-BF4B-00C04F79EFBC}") = "Unity.2D.Animation.Triangle.Runtime", "Unity.2D.Animation.Triangle.Runtime.csproj", "{41D54EC6-5997-B8AB-11B8-1050F5007A79}"
EndProject
Project("{FAE04EC0-301F-11D3-BF4B-00C04F79EFBC}") = "UnityEngine.UI", "UnityEngine.UI.csproj", "{C7AFC25C-F0C8-5546-E56B-F2D11F240829}"
EndProject
Project("{FAE04EC0-301F-11D3-BF4B-00C04F79EFBC}") = "Unity.TextMeshPro", "Unity.TextMeshPro.csproj", "{503337E6-3D71-FAA9-592E-D52B85D20FF5}"
EndProject
Project("{FAE04EC0-301F-11D3-BF4B-00C04F79EFBC}") = "Unity.2D.Animation.Runtime", "Unity.2D.Animation.Runtime.csproj", "{32C08AA3-F750-9C5F-DA47-84A3E73BC7CC}"
EndProject
Project("{FAE04EC0-301F-11D3-BF4B-00C04F79EFBC}") = "Unity.Timeline", "Unity.Timeline.csproj", "{852D011F-3DB9-56F9-537B-E27D4E5D02E4}"
EndProject
Project("{FAE04EC0-301F-11D3-BF4B-00C04F79EFBC}") = "Unity.Mathematics", "Unity.Mathematics.csproj", "{3EBC80CB-C3C3-2558-66EA-A78CE0E57228}"
EndProject
Project("{FAE04EC0-301F-11D3-BF4B-00C04F79EFBC}") = "Unity.2D.SpriteShape.Runtime", "Unity.2D.SpriteShape.Runtime.csproj", "{C89219F4-A3FD-5BF6-3857-73C040AB8C77}"
EndProject
Project("{FAE04EC0-301F-11D3-BF4B-00C04F79EFBC}") = "UnityEngine.Advertisements", "UnityEngine.Advertisements.csproj", "{2D91FF23-149C-D69D-253D-E21A1B021977}"
EndProject
Project("{FAE04EC0-301F-11D3-BF4B-00C04F79EFBC}") = "Assembly-CSharp", "Assembly-CSharp.csproj", "{E7FF3348-0A5F-93CD-1BD8-EBD3C176CF50}"
EndProject
Project("{FAE04EC0-301F-11D3-BF4B-00C04F79EFBC}") = "UnityEngine.Monetization", "UnityEngine.Monetization.csproj", "{E622889B-24E1-953C-2295-F891C2280C80}"
EndProject
Project("{FAE04EC0-301F-11D3-BF4B-00C04F79EFBC}") = "Unity.2D.PixelPerfect", "Unity.2D.PixelPerfect.csproj", "{130A9BFD-CFE6-EE17-0CB8-5BCDAF1D98C1}"
EndProject
Project("{FAE04EC0-301F-11D3-BF4B-00C04F79EFBC}") = "Unity.InternalAPIEngineBridge.001", "Unity.InternalAPIEngineBridge.001.csproj", "{7078BF0B-69D3-1D54-30A4-378451894D33}"
EndProject
Project("{FAE04EC0-301F-11D3-BF4B-00C04F79EFBC}") = "Unity.2D.Common.Runtime", "Unity.2D.Common.Runtime.csproj", "{57EB25C3-C33D-590E-5174-26918CD83700}"
EndProject
Project("{FAE04EC0-301F-11D3-BF4B-00C04F79EFBC}") = "UnityEditor.TestRunner", "UnityEditor.TestRunner.csproj", "{14C0126D-EEBD-F46C-709B-9CA9F393A11E}"
EndProject
Project("{FAE04EC0-301F-11D3-BF4B-00C04F79EFBC}") = "Unity.TextMeshPro.Editor", "Unity.TextMeshPro.Editor.csproj", "{CFA4711D-2990-FD4B-2047-5C871A8F75B4}"
EndProject
Project("{FAE04EC0-301F-11D3-BF4B-00C04F79EFBC}") = "Unity.Timeline.Editor", "Unity.Timeline.Editor.csproj", "{89DC212A-CC56-EF43-F51A-864F0C61C047}"
EndProject
Project("{FAE04EC0-301F-11D3-BF4B-00C04F79EFBC}") = "Unity.2D.Animation.Editor", "Unity.2D.Animation.Editor.csproj", "{E7F534D2-9035-98EB-5094-980F0DC387BF}"
EndProject
Project("{FAE04EC0-301F-11D3-BF4B-00C04F79EFBC}") = "Unity.2D.Path.Editor", "Unity.2D.Path.Editor.csproj", "{F6C06A2B-B728-2E37-D393-EE0A6082B5F9}"
EndProject
Project("{FAE04EC0-301F-11D3-BF4B-00C04F79EFBC}") = "Unity.2D.Sprite.Editor", "Unity.2D.Sprite.Editor.csproj", "{77D42D27-7E95-80CE-C8B1-14FCBBA67FB5}"
EndProject
Project("{FAE04EC0-301F-11D3-BF4B-00C04F79EFBC}") = "UnityEditor.UI", "UnityEditor.UI.csproj", "{9D9E486B-0DB7-E5BF-8558-997AC64A4EF1}"
EndProject
Project("{FAE04EC0-301F-11D3-BF4B-00C04F79EFBC}") = "Unity.DeviceSimulator.Editor", "Unity.DeviceSimulator.Editor.csproj", "{0A4BA2E6-62FD-C826-58A9-2C245235B0E8}"
EndProject
Project("{FAE04EC0-301F-11D3-BF4B-00C04F79EFBC}") = "Unity.Rider.Editor", "Unity.Rider.Editor.csproj", "{069A27ED-CB6B-3EF6-75AE-872050243646}"
EndProject
Project("{FAE04EC0-301F-11D3-BF4B-00C04F79EFBC}") = "Unity.2D.Tilemap.Editor", "Unity.2D.Tilemap.Editor.csproj", "{6CA430FE-9744-B40F-AF9B-E7A1FB02E018}"
EndProject
Project("{FAE04EC0-301F-11D3-BF4B-00C04F79EFBC}") = "UnityEngine.Advertisements.Editor", "UnityEngine.Advertisements.Editor.csproj", "{E4844053-1024-5B91-AB9B-60E8207D5BC2}"
EndProject
Project("{FAE04EC0-301F-11D3-BF4B-00C04F79EFBC}") = "Unity.2D.SpriteShape.Editor", "Unity.2D.SpriteShape.Editor.csproj", "{96D28238-E136-F702-DF25-40A4D0E5B71F}"
EndProject
Project("{FAE04EC0-301F-11D3-BF4B-00C04F79EFBC}") = "PsdPlugin", "PsdPlugin.csproj", "{A2EF195C-FC3E-664B-45D3-74EC90B18DFE}"
EndProject
Project("{FAE04EC0-301F-11D3-BF4B-00C04F79EFBC}") = "Unity.CollabProxy.Editor", "Unity.CollabProxy.Editor.csproj", "{99EB4D3F-3491-87D3-6029-CF15271965E7}"
EndProject
Project("{FAE04EC0-301F-11D3-BF4B-00C04F79EFBC}") = "Unity.2D.Common.Editor", "Unity.2D.Common.Editor.csproj", "{3D4C19E6-16E1-9E8F-7B2A-E0B16BF15F63}"
EndProject
Project("{FAE04EC0-301F-11D3-BF4B-00C04F79EFBC}") = "Unity.VSCode.Editor", "Unity.VSCode.Editor.csproj", "{EA8A2E57-0FB6-60D9-4DF6-4C6A6E86E86C}"
EndProject
Project("{FAE04EC0-301F-11D3-BF4B-00C04F79EFBC}") = "Unity.2D.Psdimporter.Editor", "Unity.2D.Psdimporter.Editor.csproj", "{E9C77F12-0B06-3D53-16D6-06541004265F}"
EndProject
Project("{FAE04EC0-301F-11D3-BF4B-00C04F79EFBC}") = "Unity.2D.PixelPerfect.Editor", "Unity.2D.PixelPerfect.Editor.csproj", "{971D45E5-9FB9-7FB9-EB4B-7F9BDAB82718}"
EndProject
Project("{FAE04EC0-301F-11D3-BF4B-00C04F79EFBC}") = "Unity.DeviceSimulator.Tests.Common", "Unity.DeviceSimulator.Tests.Common.csproj", "{75B90231-8869-8070-8C91-8C0F56DAE45A}"
EndProject
Project("{FAE04EC0-301F-11D3-BF4B-00C04F79EFBC}") = "Unity.Mathematics.Editor", "Unity.Mathematics.Editor.csproj", "{0D614850-3DB8-2082-B5B4-5F2C1E8F545E}"
EndProject
Project("{FAE04EC0-301F-11D3-BF4B-00C04F79EFBC}") = "Unity.InternalAPIEditorBridge.001", "Unity.InternalAPIEditorBridge.001.csproj", "{9B53C315-E71C-9367-FBD5-77BC1580E5A7}"
EndProject
Global
	GlobalSection(SolutionConfigurationPlatforms) = preSolution
		Debug|Any CPU = Debug|Any CPU
		Release|Any CPU = Release|Any CPU
	EndGlobalSection
	GlobalSection(ProjectConfigurationPlatforms) = postSolution
		{330D066B-34BE-8128-FF66-6C169B14A683}.Debug|Any CPU.ActiveCfg = Debug|Any CPU
		{330D066B-34BE-8128-FF66-6C169B14A683}.Debug|Any CPU.Build.0 = Debug|Any CPU
		{330D066B-34BE-8128-FF66-6C169B14A683}.Release|Any CPU.ActiveCfg = Release|Any CPU
		{330D066B-34BE-8128-FF66-6C169B14A683}.Release|Any CPU.Build.0 = Release|Any CPU
		{41D54EC6-5997-B8AB-11B8-1050F5007A79}.Debug|Any CPU.ActiveCfg = Debug|Any CPU
		{41D54EC6-5997-B8AB-11B8-1050F5007A79}.Debug|Any CPU.Build.0 = Debug|Any CPU
		{41D54EC6-5997-B8AB-11B8-1050F5007A79}.Release|Any CPU.ActiveCfg = Release|Any CPU
		{41D54EC6-5997-B8AB-11B8-1050F5007A79}.Release|Any CPU.Build.0 = Release|Any CPU
		{C7AFC25C-F0C8-5546-E56B-F2D11F240829}.Debug|Any CPU.ActiveCfg = Debug|Any CPU
		{C7AFC25C-F0C8-5546-E56B-F2D11F240829}.Debug|Any CPU.Build.0 = Debug|Any CPU
		{C7AFC25C-F0C8-5546-E56B-F2D11F240829}.Release|Any CPU.ActiveCfg = Release|Any CPU
		{C7AFC25C-F0C8-5546-E56B-F2D11F240829}.Release|Any CPU.Build.0 = Release|Any CPU
		{503337E6-3D71-FAA9-592E-D52B85D20FF5}.Debug|Any CPU.ActiveCfg = Debug|Any CPU
		{503337E6-3D71-FAA9-592E-D52B85D20FF5}.Debug|Any CPU.Build.0 = Debug|Any CPU
		{503337E6-3D71-FAA9-592E-D52B85D20FF5}.Release|Any CPU.ActiveCfg = Release|Any CPU
		{503337E6-3D71-FAA9-592E-D52B85D20FF5}.Release|Any CPU.Build.0 = Release|Any CPU
		{32C08AA3-F750-9C5F-DA47-84A3E73BC7CC}.Debug|Any CPU.ActiveCfg = Debug|Any CPU
		{32C08AA3-F750-9C5F-DA47-84A3E73BC7CC}.Debug|Any CPU.Build.0 = Debug|Any CPU
		{32C08AA3-F750-9C5F-DA47-84A3E73BC7CC}.Release|Any CPU.ActiveCfg = Release|Any CPU
		{32C08AA3-F750-9C5F-DA47-84A3E73BC7CC}.Release|Any CPU.Build.0 = Release|Any CPU
		{852D011F-3DB9-56F9-537B-E27D4E5D02E4}.Debug|Any CPU.ActiveCfg = Debug|Any CPU
		{852D011F-3DB9-56F9-537B-E27D4E5D02E4}.Debug|Any CPU.Build.0 = Debug|Any CPU
		{852D011F-3DB9-56F9-537B-E27D4E5D02E4}.Release|Any CPU.ActiveCfg = Release|Any CPU
		{852D011F-3DB9-56F9-537B-E27D4E5D02E4}.Release|Any CPU.Build.0 = Release|Any CPU
		{3EBC80CB-C3C3-2558-66EA-A78CE0E57228}.Debug|Any CPU.ActiveCfg = Debug|Any CPU
		{3EBC80CB-C3C3-2558-66EA-A78CE0E57228}.Debug|Any CPU.Build.0 = Debug|Any CPU
		{3EBC80CB-C3C3-2558-66EA-A78CE0E57228}.Release|Any CPU.ActiveCfg = Release|Any CPU
		{3EBC80CB-C3C3-2558-66EA-A78CE0E57228}.Release|Any CPU.Build.0 = Release|Any CPU
		{C89219F4-A3FD-5BF6-3857-73C040AB8C77}.Debug|Any CPU.ActiveCfg = Debug|Any CPU
		{C89219F4-A3FD-5BF6-3857-73C040AB8C77}.Debug|Any CPU.Build.0 = Debug|Any CPU
		{C89219F4-A3FD-5BF6-3857-73C040AB8C77}.Release|Any CPU.ActiveCfg = Release|Any CPU
		{C89219F4-A3FD-5BF6-3857-73C040AB8C77}.Release|Any CPU.Build.0 = Release|Any CPU
		{2D91FF23-149C-D69D-253D-E21A1B021977}.Debug|Any CPU.ActiveCfg = Debug|Any CPU
		{2D91FF23-149C-D69D-253D-E21A1B021977}.Debug|Any CPU.Build.0 = Debug|Any CPU
		{2D91FF23-149C-D69D-253D-E21A1B021977}.Release|Any CPU.ActiveCfg = Release|Any CPU
		{2D91FF23-149C-D69D-253D-E21A1B021977}.Release|Any CPU.Build.0 = Release|Any CPU
		{E7FF3348-0A5F-93CD-1BD8-EBD3C176CF50}.Debug|Any CPU.ActiveCfg = Debug|Any CPU
		{E7FF3348-0A5F-93CD-1BD8-EBD3C176CF50}.Debug|Any CPU.Build.0 = Debug|Any CPU
		{E7FF3348-0A5F-93CD-1BD8-EBD3C176CF50}.Release|Any CPU.ActiveCfg = Release|Any CPU
		{E7FF3348-0A5F-93CD-1BD8-EBD3C176CF50}.Release|Any CPU.Build.0 = Release|Any CPU
		{E622889B-24E1-953C-2295-F891C2280C80}.Debug|Any CPU.ActiveCfg = Debug|Any CPU
		{E622889B-24E1-953C-2295-F891C2280C80}.Debug|Any CPU.Build.0 = Debug|Any CPU
		{E622889B-24E1-953C-2295-F891C2280C80}.Release|Any CPU.ActiveCfg = Release|Any CPU
		{E622889B-24E1-953C-2295-F891C2280C80}.Release|Any CPU.Build.0 = Release|Any CPU
		{130A9BFD-CFE6-EE17-0CB8-5BCDAF1D98C1}.Debug|Any CPU.ActiveCfg = Debug|Any CPU
		{130A9BFD-CFE6-EE17-0CB8-5BCDAF1D98C1}.Debug|Any CPU.Build.0 = Debug|Any CPU
		{130A9BFD-CFE6-EE17-0CB8-5BCDAF1D98C1}.Release|Any CPU.ActiveCfg = Release|Any CPU
		{130A9BFD-CFE6-EE17-0CB8-5BCDAF1D98C1}.Release|Any CPU.Build.0 = Release|Any CPU
		{7078BF0B-69D3-1D54-30A4-378451894D33}.Debug|Any CPU.ActiveCfg = Debug|Any CPU
		{7078BF0B-69D3-1D54-30A4-378451894D33}.Debug|Any CPU.Build.0 = Debug|Any CPU
		{7078BF0B-69D3-1D54-30A4-378451894D33}.Release|Any CPU.ActiveCfg = Release|Any CPU
		{7078BF0B-69D3-1D54-30A4-378451894D33}.Release|Any CPU.Build.0 = Release|Any CPU
		{57EB25C3-C33D-590E-5174-26918CD83700}.Debug|Any CPU.ActiveCfg = Debug|Any CPU
		{57EB25C3-C33D-590E-5174-26918CD83700}.Debug|Any CPU.Build.0 = Debug|Any CPU
		{57EB25C3-C33D-590E-5174-26918CD83700}.Release|Any CPU.ActiveCfg = Release|Any CPU
		{57EB25C3-C33D-590E-5174-26918CD83700}.Release|Any CPU.Build.0 = Release|Any CPU
		{14C0126D-EEBD-F46C-709B-9CA9F393A11E}.Debug|Any CPU.ActiveCfg = Debug|Any CPU
		{14C0126D-EEBD-F46C-709B-9CA9F393A11E}.Debug|Any CPU.Build.0 = Debug|Any CPU
		{14C0126D-EEBD-F46C-709B-9CA9F393A11E}.Release|Any CPU.ActiveCfg = Release|Any CPU
		{14C0126D-EEBD-F46C-709B-9CA9F393A11E}.Release|Any CPU.Build.0 = Release|Any CPU
		{CFA4711D-2990-FD4B-2047-5C871A8F75B4}.Debug|Any CPU.ActiveCfg = Debug|Any CPU
		{CFA4711D-2990-FD4B-2047-5C871A8F75B4}.Debug|Any CPU.Build.0 = Debug|Any CPU
		{CFA4711D-2990-FD4B-2047-5C871A8F75B4}.Release|Any CPU.ActiveCfg = Release|Any CPU
		{CFA4711D-2990-FD4B-2047-5C871A8F75B4}.Release|Any CPU.Build.0 = Release|Any CPU
		{89DC212A-CC56-EF43-F51A-864F0C61C047}.Debug|Any CPU.ActiveCfg = Debug|Any CPU
		{89DC212A-CC56-EF43-F51A-864F0C61C047}.Debug|Any CPU.Build.0 = Debug|Any CPU
		{89DC212A-CC56-EF43-F51A-864F0C61C047}.Release|Any CPU.ActiveCfg = Release|Any CPU
		{89DC212A-CC56-EF43-F51A-864F0C61C047}.Release|Any CPU.Build.0 = Release|Any CPU
		{E7F534D2-9035-98EB-5094-980F0DC387BF}.Debug|Any CPU.ActiveCfg = Debug|Any CPU
		{E7F534D2-9035-98EB-5094-980F0DC387BF}.Debug|Any CPU.Build.0 = Debug|Any CPU
		{E7F534D2-9035-98EB-5094-980F0DC387BF}.Release|Any CPU.ActiveCfg = Release|Any CPU
		{E7F534D2-9035-98EB-5094-980F0DC387BF}.Release|Any CPU.Build.0 = Release|Any CPU
		{F6C06A2B-B728-2E37-D393-EE0A6082B5F9}.Debug|Any CPU.ActiveCfg = Debug|Any CPU
		{F6C06A2B-B728-2E37-D393-EE0A6082B5F9}.Debug|Any CPU.Build.0 = Debug|Any CPU
		{F6C06A2B-B728-2E37-D393-EE0A6082B5F9}.Release|Any CPU.ActiveCfg = Release|Any CPU
		{F6C06A2B-B728-2E37-D393-EE0A6082B5F9}.Release|Any CPU.Build.0 = Release|Any CPU
		{77D42D27-7E95-80CE-C8B1-14FCBBA67FB5}.Debug|Any CPU.ActiveCfg = Debug|Any CPU
		{77D42D27-7E95-80CE-C8B1-14FCBBA67FB5}.Debug|Any CPU.Build.0 = Debug|Any CPU
		{77D42D27-7E95-80CE-C8B1-14FCBBA67FB5}.Release|Any CPU.ActiveCfg = Release|Any CPU
		{77D42D27-7E95-80CE-C8B1-14FCBBA67FB5}.Release|Any CPU.Build.0 = Release|Any CPU
		{9D9E486B-0DB7-E5BF-8558-997AC64A4EF1}.Debug|Any CPU.ActiveCfg = Debug|Any CPU
		{9D9E486B-0DB7-E5BF-8558-997AC64A4EF1}.Debug|Any CPU.Build.0 = Debug|Any CPU
		{9D9E486B-0DB7-E5BF-8558-997AC64A4EF1}.Release|Any CPU.ActiveCfg = Release|Any CPU
		{9D9E486B-0DB7-E5BF-8558-997AC64A4EF1}.Release|Any CPU.Build.0 = Release|Any CPU
		{0A4BA2E6-62FD-C826-58A9-2C245235B0E8}.Debug|Any CPU.ActiveCfg = Debug|Any CPU
		{0A4BA2E6-62FD-C826-58A9-2C245235B0E8}.Debug|Any CPU.Build.0 = Debug|Any CPU
		{0A4BA2E6-62FD-C826-58A9-2C245235B0E8}.Release|Any CPU.ActiveCfg = Release|Any CPU
		{0A4BA2E6-62FD-C826-58A9-2C245235B0E8}.Release|Any CPU.Build.0 = Release|Any CPU
		{069A27ED-CB6B-3EF6-75AE-872050243646}.Debug|Any CPU.ActiveCfg = Debug|Any CPU
		{069A27ED-CB6B-3EF6-75AE-872050243646}.Debug|Any CPU.Build.0 = Debug|Any CPU
		{069A27ED-CB6B-3EF6-75AE-872050243646}.Release|Any CPU.ActiveCfg = Release|Any CPU
		{069A27ED-CB6B-3EF6-75AE-872050243646}.Release|Any CPU.Build.0 = Release|Any CPU
		{6CA430FE-9744-B40F-AF9B-E7A1FB02E018}.Debug|Any CPU.ActiveCfg = Debug|Any CPU
		{6CA430FE-9744-B40F-AF9B-E7A1FB02E018}.Debug|Any CPU.Build.0 = Debug|Any CPU
		{6CA430FE-9744-B40F-AF9B-E7A1FB02E018}.Release|Any CPU.ActiveCfg = Release|Any CPU
		{6CA430FE-9744-B40F-AF9B-E7A1FB02E018}.Release|Any CPU.Build.0 = Release|Any CPU
		{E4844053-1024-5B91-AB9B-60E8207D5BC2}.Debug|Any CPU.ActiveCfg = Debug|Any CPU
		{E4844053-1024-5B91-AB9B-60E8207D5BC2}.Debug|Any CPU.Build.0 = Debug|Any CPU
		{E4844053-1024-5B91-AB9B-60E8207D5BC2}.Release|Any CPU.ActiveCfg = Release|Any CPU
		{E4844053-1024-5B91-AB9B-60E8207D5BC2}.Release|Any CPU.Build.0 = Release|Any CPU
		{96D28238-E136-F702-DF25-40A4D0E5B71F}.Debug|Any CPU.ActiveCfg = Debug|Any CPU
		{96D28238-E136-F702-DF25-40A4D0E5B71F}.Debug|Any CPU.Build.0 = Debug|Any CPU
		{96D28238-E136-F702-DF25-40A4D0E5B71F}.Release|Any CPU.ActiveCfg = Release|Any CPU
		{96D28238-E136-F702-DF25-40A4D0E5B71F}.Release|Any CPU.Build.0 = Release|Any CPU
		{A2EF195C-FC3E-664B-45D3-74EC90B18DFE}.Debug|Any CPU.ActiveCfg = Debug|Any CPU
		{A2EF195C-FC3E-664B-45D3-74EC90B18DFE}.Debug|Any CPU.Build.0 = Debug|Any CPU
		{A2EF195C-FC3E-664B-45D3-74EC90B18DFE}.Release|Any CPU.ActiveCfg = Release|Any CPU
		{A2EF195C-FC3E-664B-45D3-74EC90B18DFE}.Release|Any CPU.Build.0 = Release|Any CPU
		{99EB4D3F-3491-87D3-6029-CF15271965E7}.Debug|Any CPU.ActiveCfg = Debug|Any CPU
		{99EB4D3F-3491-87D3-6029-CF15271965E7}.Debug|Any CPU.Build.0 = Debug|Any CPU
		{99EB4D3F-3491-87D3-6029-CF15271965E7}.Release|Any CPU.ActiveCfg = Release|Any CPU
		{99EB4D3F-3491-87D3-6029-CF15271965E7}.Release|Any CPU.Build.0 = Release|Any CPU
		{3D4C19E6-16E1-9E8F-7B2A-E0B16BF15F63}.Debug|Any CPU.ActiveCfg = Debug|Any CPU
		{3D4C19E6-16E1-9E8F-7B2A-E0B16BF15F63}.Debug|Any CPU.Build.0 = Debug|Any CPU
		{3D4C19E6-16E1-9E8F-7B2A-E0B16BF15F63}.Release|Any CPU.ActiveCfg = Release|Any CPU
		{3D4C19E6-16E1-9E8F-7B2A-E0B16BF15F63}.Release|Any CPU.Build.0 = Release|Any CPU
		{EA8A2E57-0FB6-60D9-4DF6-4C6A6E86E86C}.Debug|Any CPU.ActiveCfg = Debug|Any CPU
		{EA8A2E57-0FB6-60D9-4DF6-4C6A6E86E86C}.Debug|Any CPU.Build.0 = Debug|Any CPU
		{EA8A2E57-0FB6-60D9-4DF6-4C6A6E86E86C}.Release|Any CPU.ActiveCfg = Release|Any CPU
		{EA8A2E57-0FB6-60D9-4DF6-4C6A6E86E86C}.Release|Any CPU.Build.0 = Release|Any CPU
		{E9C77F12-0B06-3D53-16D6-06541004265F}.Debug|Any CPU.ActiveCfg = Debug|Any CPU
		{E9C77F12-0B06-3D53-16D6-06541004265F}.Debug|Any CPU.Build.0 = Debug|Any CPU
		{E9C77F12-0B06-3D53-16D6-06541004265F}.Release|Any CPU.ActiveCfg = Release|Any CPU
		{E9C77F12-0B06-3D53-16D6-06541004265F}.Release|Any CPU.Build.0 = Release|Any CPU
		{971D45E5-9FB9-7FB9-EB4B-7F9BDAB82718}.Debug|Any CPU.ActiveCfg = Debug|Any CPU
		{971D45E5-9FB9-7FB9-EB4B-7F9BDAB82718}.Debug|Any CPU.Build.0 = Debug|Any CPU
		{971D45E5-9FB9-7FB9-EB4B-7F9BDAB82718}.Release|Any CPU.ActiveCfg = Release|Any CPU
		{971D45E5-9FB9-7FB9-EB4B-7F9BDAB82718}.Release|Any CPU.Build.0 = Release|Any CPU
		{75B90231-8869-8070-8C91-8C0F56DAE45A}.Debug|Any CPU.ActiveCfg = Debug|Any CPU
		{75B90231-8869-8070-8C91-8C0F56DAE45A}.Debug|Any CPU.Build.0 = Debug|Any CPU
		{75B90231-8869-8070-8C91-8C0F56DAE45A}.Release|Any CPU.ActiveCfg = Release|Any CPU
		{75B90231-8869-8070-8C91-8C0F56DAE45A}.Release|Any CPU.Build.0 = Release|Any CPU
		{0D614850-3DB8-2082-B5B4-5F2C1E8F545E}.Debug|Any CPU.ActiveCfg = Debug|Any CPU
		{0D614850-3DB8-2082-B5B4-5F2C1E8F545E}.Debug|Any CPU.Build.0 = Debug|Any CPU
		{0D614850-3DB8-2082-B5B4-5F2C1E8F545E}.Release|Any CPU.ActiveCfg = Release|Any CPU
		{0D614850-3DB8-2082-B5B4-5F2C1E8F545E}.Release|Any CPU.Build.0 = Release|Any CPU
		{9B53C315-E71C-9367-FBD5-77BC1580E5A7}.Debug|Any CPU.ActiveCfg = Debug|Any CPU
		{9B53C315-E71C-9367-FBD5-77BC1580E5A7}.Debug|Any CPU.Build.0 = Debug|Any CPU
		{9B53C315-E71C-9367-FBD5-77BC1580E5A7}.Release|Any CPU.ActiveCfg = Release|Any CPU
		{9B53C315-E71C-9367-FBD5-77BC1580E5A7}.Release|Any CPU.Build.0 = Release|Any CPU
	EndGlobalSection
	GlobalSection(SolutionProperties) = preSolution
		HideSolutionNode = FALSE
	EndGlobalSection
EndGlobal
